
Microsoft Visual Studio Solution File, Format Version 12.00
# Visual Studio Version 17
VisualStudioVersion = 17.0.31903.59
MinimumVisualStudioVersion = 10.0.40219.1
Project("{2150E333-8FDC-42A3-9474-1A3956D46DE8}") = "background", "background", "{9C4B6E86-68C0-544B-7A9D-A94BD4B2D315}"
EndProject
Project("{FAE04EC0-301F-11D3-BF4B-00C04F79EFBC}") = "Chronosystem.WorkerService", "background\Chronosystem.WorkerService\Chronosystem.WorkerService.csproj", "{AEFEEA3B-3B06-43E0-9A3F-B1C2E6D44495}"
EndProject
Project("{2150E333-8FDC-42A3-9474-1A3956D46DE8}") = "src", "src", "{827E0CD3-B72D-47B6-A68D-7590B98EB39B}"
EndProject
Project("{2150E333-8FDC-42A3-9474-1A3956D46DE8}") = "Core", "Core", "{8D626EA8-CB54-BC41-363A-217881BEBA6E}"
EndProject
Project("{FAE04EC0-301F-11D3-BF4B-00C04F79EFBC}") = "Chronosystem.Application", "src\Core\Chronosystem.Application\Chronosystem.Application.csproj", "{17831577-809A-47F7-83B3-3216EF02CEC0}"
EndProject
Project("{FAE04EC0-301F-11D3-BF4B-00C04F79EFBC}") = "Chronosystem.Domain", "src\Core\Chronosystem.Domain\Chronosystem.Domain.csproj", "{F32686C8-5B6A-4568-9BC3-305ACC761594}"
EndProject
Project("{2150E333-8FDC-42A3-9474-1A3956D46DE8}") = "Infrastructure", "Infrastructure", "{9048EB7F-3875-A59E-E36B-5BD4C6F2A282}"
EndProject
Project("{FAE04EC0-301F-11D3-BF4B-00C04F79EFBC}") = "Chronosystem.Infrastructure", "src\Infrastructure\Chronosystem.Infrastructure\Chronosystem.Infrastructure.csproj", "{BB780872-5C24-462D-95BD-B4F757C631CA}"
EndProject
Project("{2150E333-8FDC-42A3-9474-1A3956D46DE8}") = "Presentation", "Presentation", "{6996BBF7-DB31-59BC-C7DD-9A7CCC6138C4}"
EndProject
Project("{FAE04EC0-301F-11D3-BF4B-00C04F79EFBC}") = "Chronosystem.Api", "src\Presentation\Chronosystem.Api\Chronosystem.Api.csproj", "{C08B973C-7654-48BE-8772-9A39D84994D2}"
EndProject
Project("{2150E333-8FDC-42A3-9474-1A3956D46DE8}") = "tests", "tests", "{0AB3BF05-4346-4AA6-1389-037BE0695223}"
EndProject
Project("{FAE04EC0-301F-11D3-BF4B-00C04F79EFBC}") = "Chronosystem.Api.IntegrationTests", "tests\Chronosystem.Api.IntegrationTests\Chronosystem.Api.IntegrationTests.csproj", "{109D9B46-08D2-4C40-B18C-CC2D6590F3AE}"
EndProject
Project("{FAE04EC0-301F-11D3-BF4B-00C04F79EFBC}") = "Chronosystem.Application.UnitTests", "tests\Chronosystem.Application.UnitTests\Chronosystem.Application.UnitTests.csproj", "{37B2C48E-BFDD-41F9-A094-6BBBE5AF1B4E}"
EndProject
Project("{FAE04EC0-301F-11D3-BF4B-00C04F79EFBC}") = "Chronosystem.Domain.UnitTests", "tests\Chronosystem.Domain.UnitTests\Chronosystem.Domain.UnitTests.csproj", "{0F1DFFDF-290A-434E-9FD2-99288A0C0DEE}"
EndProject
Global
	GlobalSection(SolutionConfigurationPlatforms) = preSolution
		Debug|Any CPU = Debug|Any CPU
		Debug|x64 = Debug|x64
		Debug|x86 = Debug|x86
		Release|Any CPU = Release|Any CPU
		Release|x64 = Release|x64
		Release|x86 = Release|x86
	EndGlobalSection
	GlobalSection(ProjectConfigurationPlatforms) = postSolution
		{AEFEEA3B-3B06-43E0-9A3F-B1C2E6D44495}.Debug|Any CPU.ActiveCfg = Debug|Any CPU
		{AEFEEA3B-3B06-43E0-9A3F-B1C2E6D44495}.Debug|Any CPU.Build.0 = Debug|Any CPU
		{AEFEEA3B-3B06-43E0-9A3F-B1C2E6D44495}.Debug|x64.ActiveCfg = Debug|Any CPU
		{AEFEEA3B-3B06-43E0-9A3F-B1C2E6D44495}.Debug|x64.Build.0 = Debug|Any CPU
		{AEFEEA3B-3B06-43E0-9A3F-B1C2E6D44495}.Debug|x86.ActiveCfg = Debug|Any CPU
		{AEFEEA3B-3B06-43E0-9A3F-B1C2E6D44495}.Debug|x86.Build.0 = Debug|Any CPU
		{AEFEEA3B-3B06-43E0-9A3F-B1C2E6D44495}.Release|Any CPU.ActiveCfg = Release|Any CPU
		{AEFEEA3B-3B06-43E0-9A3F-B1C2E6D44495}.Release|Any CPU.Build.0 = Release|Any CPU
		{AEFEEA3B-3B06-43E0-9A3F-B1C2E6D44495}.Release|x64.ActiveCfg = Release|Any CPU
		{AEFEEA3B-3B06-43E0-9A3F-B1C2E6D44495}.Release|x64.Build.0 = Release|Any CPU
		{AEFEEA3B-3B06-43E0-9A3F-B1C2E6D44495}.Release|x86.ActiveCfg = Release|Any CPU
		{AEFEEA3B-3B06-43E0-9A3F-B1C2E6D44495}.Release|x86.Build.0 = Release|Any CPU
		{17831577-809A-47F7-83B3-3216EF02CEC0}.Debug|Any CPU.ActiveCfg = Debug|Any CPU
		{17831577-809A-47F7-83B3-3216EF02CEC0}.Debug|Any CPU.Build.0 = Debug|Any CPU
		{17831577-809A-47F7-83B3-3216EF02CEC0}.Debug|x64.ActiveCfg = Debug|Any CPU
		{17831577-809A-47F7-83B3-3216EF02CEC0}.Debug|x64.Build.0 = Debug|Any CPU
		{17831577-809A-47F7-83B3-3216EF02CEC0}.Debug|x86.ActiveCfg = Debug|Any CPU
		{17831577-809A-47F7-83B3-3216EF02CEC0}.Debug|x86.Build.0 = Debug|Any CPU
		{17831577-809A-47F7-83B3-3216EF02CEC0}.Release|Any CPU.ActiveCfg = Release|Any CPU
		{17831577-809A-47F7-83B3-3216EF02CEC0}.Release|Any CPU.Build.0 = Release|Any CPU
		{17831577-809A-47F7-83B3-3216EF02CEC0}.Release|x64.ActiveCfg = Release|Any CPU
		{17831577-809A-47F7-83B3-3216EF02CEC0}.Release|x64.Build.0 = Release|Any CPU
		{17831577-809A-47F7-83B3-3216EF02CEC0}.Release|x86.ActiveCfg = Release|Any CPU
		{17831577-809A-47F7-83B3-3216EF02CEC0}.Release|x86.Build.0 = Release|Any CPU
		{F32686C8-5B6A-4568-9BC3-305ACC761594}.Debug|Any CPU.ActiveCfg = Debug|Any CPU
		{F32686C8-5B6A-4568-9BC3-305ACC761594}.Debug|Any CPU.Build.0 = Debug|Any CPU
		{F32686C8-5B6A-4568-9BC3-305ACC761594}.Debug|x64.ActiveCfg = Debug|Any CPU
		{F32686C8-5B6A-4568-9BC3-305ACC761594}.Debug|x64.Build.0 = Debug|Any CPU
		{F32686C8-5B6A-4568-9BC3-305ACC761594}.Debug|x86.ActiveCfg = Debug|Any CPU
		{F32686C8-5B6A-4568-9BC3-305ACC761594}.Debug|x86.Build.0 = Debug|Any CPU
		{F32686C8-5B6A-4568-9BC3-305ACC761594}.Release|Any CPU.ActiveCfg = Release|Any CPU
		{F32686C8-5B6A-4568-9BC3-305ACC761594}.Release|Any CPU.Build.0 = Release|Any CPU
		{F32686C8-5B6A-4568-9BC3-305ACC761594}.Release|x64.ActiveCfg = Release|Any CPU
		{F32686C8-5B6A-4568-9BC3-305ACC761594}.Release|x64.Build.0 = Release|Any CPU
		{F32686C8-5B6A-4568-9BC3-305ACC761594}.Release|x86.ActiveCfg = Release|Any CPU
		{F32686C8-5B6A-4568-9BC3-305ACC761594}.Release|x86.Build.0 = Release|Any CPU
		{BB780872-5C24-462D-95BD-B4F757C631CA}.Debug|Any CPU.ActiveCfg = Debug|Any CPU
		{BB780872-5C24-462D-95BD-B4F757C631CA}.Debug|Any CPU.Build.0 = Debug|Any CPU
		{BB780872-5C24-462D-95BD-B4F757C631CA}.Debug|x64.ActiveCfg = Debug|Any CPU
		{BB780872-5C24-462D-95BD-B4F757C631CA}.Debug|x64.Build.0 = Debug|Any CPU
		{BB780872-5C24-462D-95BD-B4F757C631CA}.Debug|x86.ActiveCfg = Debug|Any CPU
		{BB780872-5C24-462D-95BD-B4F757C631CA}.Debug|x86.Build.0 = Debug|Any CPU
		{BB780872-5C24-462D-95BD-B4F757C631CA}.Release|Any CPU.ActiveCfg = Release|Any CPU
		{BB780872-5C24-462D-95BD-B4F757C631CA}.Release|Any CPU.Build.0 = Release|Any CPU
		{BB780872-5C24-462D-95BD-B4F757C631CA}.Release|x64.ActiveCfg = Release|Any CPU
		{BB780872-5C24-462D-95BD-B4F757C631CA}.Release|x64.Build.0 = Release|Any CPU
		{BB780872-5C24-462D-95BD-B4F757C631CA}.Release|x86.ActiveCfg = Release|Any CPU
		{BB780872-5C24-462D-95BD-B4F757C631CA}.Release|x86.Build.0 = Release|Any CPU
		{C08B973C-7654-48BE-8772-9A39D84994D2}.Debug|Any CPU.ActiveCfg = Debug|Any CPU
		{C08B973C-7654-48BE-8772-9A39D84994D2}.Debug|Any CPU.Build.0 = Debug|Any CPU
		{C08B973C-7654-48BE-8772-9A39D84994D2}.Debug|x64.ActiveCfg = Debug|Any CPU
		{C08B973C-7654-48BE-8772-9A39D84994D2}.Debug|x64.Build.0 = Debug|Any CPU
		{C08B973C-7654-48BE-8772-9A39D84994D2}.Debug|x86.ActiveCfg = Debug|Any CPU
		{C08B973C-7654-48BE-8772-9A39D84994D2}.Debug|x86.Build.0 = Debug|Any CPU
		{C08B973C-7654-48BE-8772-9A39D84994D2}.Release|Any CPU.ActiveCfg = Release|Any CPU
		{C08B973C-7654-48BE-8772-9A39D84994D2}.Release|Any CPU.Build.0 = Release|Any CPU
		{C08B973C-7654-48BE-8772-9A39D84994D2}.Release|x64.ActiveCfg = Release|Any CPU
		{C08B973C-7654-48BE-8772-9A39D84994D2}.Release|x64.Build.0 = Release|Any CPU
		{C08B973C-7654-48BE-8772-9A39D84994D2}.Release|x86.ActiveCfg = Release|Any CPU
		{C08B973C-7654-48BE-8772-9A39D84994D2}.Release|x86.Build.0 = Release|Any CPU
		{109D9B46-08D2-4C40-B18C-CC2D6590F3AE}.Debug|Any CPU.ActiveCfg = Debug|Any CPU
		{109D9B46-08D2-4C40-B18C-CC2D6590F3AE}.Debug|Any CPU.Build.0 = Debug|Any CPU
		{109D9B46-08D2-4C40-B18C-CC2D6590F3AE}.Debug|x64.ActiveCfg = Debug|Any CPU
		{109D9B46-08D2-4C40-B18C-CC2D6590F3AE}.Debug|x64.Build.0 = Debug|Any CPU
		{109D9B46-08D2-4C40-B18C-CC2D6590F3AE}.Debug|x86.ActiveCfg = Debug|Any CPU
		{109D9B46-08D2-4C40-B18C-CC2D6590F3AE}.Debug|x86.Build.0 = Debug|Any CPU
		{109D9B46-08D2-4C40-B18C-CC2D6590F3AE}.Release|Any CPU.ActiveCfg = Release|Any CPU
		{109D9B46-08D2-4C40-B18C-CC2D6590F3AE}.Release|Any CPU.Build.0 = Release|Any CPU
		{109D9B46-08D2-4C40-B18C-CC2D6590F3AE}.Release|x64.ActiveCfg = Release|Any CPU
		{109D9B46-08D2-4C40-B18C-CC2D6590F3AE}.Release|x64.Build.0 = Release|Any CPU
		{109D9B46-08D2-4C40-B18C-CC2D6590F3AE}.Release|x86.ActiveCfg = Release|Any CPU
		{109D9B46-08D2-4C40-B18C-CC2D6590F3AE}.Release|x86.Build.0 = Release|Any CPU
		{37B2C48E-BFDD-41F9-A094-6BBBE5AF1B4E}.Debug|Any CPU.ActiveCfg = Debug|Any CPU
		{37B2C48E-BFDD-41F9-A094-6BBBE5AF1B4E}.Debug|Any CPU.Build.0 = Debug|Any CPU
		{37B2C48E-BFDD-41F9-A094-6BBBE5AF1B4E}.Debug|x64.ActiveCfg = Debug|Any CPU
		{37B2C48E-BFDD-41F9-A094-6BBBE5AF1B4E}.Debug|x64.Build.0 = Debug|Any CPU
		{37B2C48E-BFDD-41F9-A094-6BBBE5AF1B4E}.Debug|x86.ActiveCfg = Debug|Any CPU
		{37B2C48E-BFDD-41F9-A094-6BBBE5AF1B4E}.Debug|x86.Build.0 = Debug|Any CPU
		{37B2C48E-BFDD-41F9-A094-6BBBE5AF1B4E}.Release|Any CPU.ActiveCfg = Release|Any CPU
		{37B2C48E-BFDD-41F9-A094-6BBBE5AF1B4E}.Release|Any CPU.Build.0 = Release|Any CPU
		{37B2C48E-BFDD-41F9-A094-6BBBE5AF1B4E}.Release|x64.ActiveCfg = Release|Any CPU
		{37B2C48E-BFDD-41F9-A094-6BBBE5AF1B4E}.Release|x64.Build.0 = Release|Any CPU
		{37B2C48E-BFDD-41F9-A094-6BBBE5AF1B4E}.Release|x86.ActiveCfg = Release|Any CPU
		{37B2C48E-BFDD-41F9-A094-6BBBE5AF1B4E}.Release|x86.Build.0 = Release|Any CPU
		{0F1DFFDF-290A-434E-9FD2-99288A0C0DEE}.Debug|Any CPU.ActiveCfg = Debug|Any CPU
		{0F1DFFDF-290A-434E-9FD2-99288A0C0DEE}.Debug|Any CPU.Build.0 = Debug|Any CPU
		{0F1DFFDF-290A-434E-9FD2-99288A0C0DEE}.Debug|x64.ActiveCfg = Debug|Any CPU
		{0F1DFFDF-290A-434E-9FD2-99288A0C0DEE}.Debug|x64.Build.0 = Debug|Any CPU
		{0F1DFFDF-290A-434E-9FD2-99288A0C0DEE}.Debug|x86.ActiveCfg = Debug|Any CPU
		{0F1DFFDF-290A-434E-9FD2-99288A0C0DEE}.Debug|x86.Build.0 = Debug|Any CPU
		{0F1DFFDF-290A-434E-9FD2-99288A0C0DEE}.Release|Any CPU.ActiveCfg = Release|Any CPU
		{0F1DFFDF-290A-434E-9FD2-99288A0C0DEE}.Release|Any CPU.Build.0 = Release|Any CPU
		{0F1DFFDF-290A-434E-9FD2-99288A0C0DEE}.Release|x64.ActiveCfg = Release|Any CPU
		{0F1DFFDF-290A-434E-9FD2-99288A0C0DEE}.Release|x64.Build.0 = Release|Any CPU
		{0F1DFFDF-290A-434E-9FD2-99288A0C0DEE}.Release|x86.ActiveCfg = Release|Any CPU
		{0F1DFFDF-290A-434E-9FD2-99288A0C0DEE}.Release|x86.Build.0 = Release|Any CPU
	EndGlobalSection
	GlobalSection(SolutionProperties) = preSolution
		HideSolutionNode = FALSE
	EndGlobalSection
	GlobalSection(NestedProjects) = preSolution
		{AEFEEA3B-3B06-43E0-9A3F-B1C2E6D44495} = {9C4B6E86-68C0-544B-7A9D-A94BD4B2D315}
		{8D626EA8-CB54-BC41-363A-217881BEBA6E} = {827E0CD3-B72D-47B6-A68D-7590B98EB39B}
		{17831577-809A-47F7-83B3-3216EF02CEC0} = {8D626EA8-CB54-BC41-363A-217881BEBA6E}
		{F32686C8-5B6A-4568-9BC3-305ACC761594} = {8D626EA8-CB54-BC41-363A-217881BEBA6E}
		{9048EB7F-3875-A59E-E36B-5BD4C6F2A282} = {827E0CD3-B72D-47B6-A68D-7590B98EB39B}
		{BB780872-5C24-462D-95BD-B4F757C631CA} = {9048EB7F-3875-A59E-E36B-5BD4C6F2A282}
		{6996BBF7-DB31-59BC-C7DD-9A7CCC6138C4} = {827E0CD3-B72D-47B6-A68D-7590B98EB39B}
		{C08B973C-7654-48BE-8772-9A39D84994D2} = {6996BBF7-DB31-59BC-C7DD-9A7CCC6138C4}
		{109D9B46-08D2-4C40-B18C-CC2D6590F3AE} = {0AB3BF05-4346-4AA6-1389-037BE0695223}
		{37B2C48E-BFDD-41F9-A094-6BBBE5AF1B4E} = {0AB3BF05-4346-4AA6-1389-037BE0695223}
		{0F1DFFDF-290A-434E-9FD2-99288A0C0DEE} = {0AB3BF05-4346-4AA6-1389-037BE0695223}
	EndGlobalSection
EndGlobal
