Microsoft Visual Studio Solution File, Format Version 12.00
# Visual Studio Version 17
VisualStudioVersion = 17.5.2.0
MinimumVisualStudioVersion = 10.0.40219.1
Project("{FAE04EC0-301F-11D3-BF4B-00C04F79EFBC}") = "Chronosystem.Api", "Chronosystem.Api\Chronosystem.Api.csproj", "{BEC641B0-A5EC-E2B7-BCF9-9A552B471B75}"
EndProject
Global
	GlobalSection(SolutionConfigurationPlatforms) = preSolution
		Debug|Any CPU = Debug|Any CPU
		Release|Any CPU = Release|Any CPU
	EndGlobalSection
	GlobalSection(ProjectConfigurationPlatforms) = postSolution
		{BEC641B0-A5EC-E2B7-BCF9-9A552B471B75}.Debug|Any CPU.ActiveCfg = Debug|Any CPU
		{BEC641B0-A5EC-E2B7-BCF9-9A552B471B75}.Debug|Any CPU.Build.0 = Debug|Any CPU
		{BEC641B0-A5EC-E2B7-BCF9-9A552B471B75}.Release|Any CPU.ActiveCfg = Release|Any CPU
		{BEC641B0-A5EC-E2B7-BCF9-9A552B471B75}.Release|Any CPU.Build.0 = Release|Any CPU
	EndGlobalSection
	GlobalSection(SolutionProperties) = preSolution
		HideSolutionNode = FALSE
	EndGlobalSection
	GlobalSection(ExtensibilityGlobals) = postSolution
		SolutionGuid = {ECCAB1AC-A96B-483C-AB84-AA521B993F2B}
	EndGlobalSection
EndGlobal
